
Microsoft Visual Studio Solution File, Format Version 12.00
# Visual Studio Version 17
VisualStudioVersion = 17.8.34511.84
MinimumVisualStudioVersion = 10.0.40219.1
Project("{FAE04EC0-301F-11D3-BF4B-00C04F79EFBC}") = "SDV", "SDV\SDV.csproj", "{4F1F85B2-6484-4DEC-9A1F-FFE8B430974F}"
EndProject
Project("{FAE04EC0-301F-11D3-BF4B-00C04F79EFBC}") = "DataLayer", "DataLayer\DataLayer.csproj", "{97503E3F-0849-4B4D-AB57-D5105039A38E}"
EndProject
Project("{FAE04EC0-301F-11D3-BF4B-00C04F79EFBC}") = "General", "General\General.csproj", "{6EEA3706-77C8-4A91-86A8-59A0126747F5}"
EndProject
Project("{FAE04EC0-301F-11D3-BF4B-00C04F79EFBC}") = "SesionManager", "SesionManager\SesionManager.csproj", "{544F1ADC-C9C3-4A45-B69A-188989BA3C02}"
EndProject
Project("{FAE04EC0-301F-11D3-BF4B-00C04F79EFBC}") = "Reportes", "Reportes\Reportes.csproj", "{DAC73EF2-D2AE-45B5-BE23-684922807338}"
EndProject
Global
	GlobalSection(SolutionConfigurationPlatforms) = preSolution
		Debug|Any CPU = Debug|Any CPU
		Release|Any CPU = Release|Any CPU
	EndGlobalSection
	GlobalSection(ProjectConfigurationPlatforms) = postSolution
		{4F1F85B2-6484-4DEC-9A1F-FFE8B430974F}.Debug|Any CPU.ActiveCfg = Debug|Any CPU
		{4F1F85B2-6484-4DEC-9A1F-FFE8B430974F}.Debug|Any CPU.Build.0 = Debug|Any CPU
		{4F1F85B2-6484-4DEC-9A1F-FFE8B430974F}.Release|Any CPU.ActiveCfg = Release|Any CPU
		{4F1F85B2-6484-4DEC-9A1F-FFE8B430974F}.Release|Any CPU.Build.0 = Release|Any CPU
		{97503E3F-0849-4B4D-AB57-D5105039A38E}.Debug|Any CPU.ActiveCfg = Debug|Any CPU
		{97503E3F-0849-4B4D-AB57-D5105039A38E}.Debug|Any CPU.Build.0 = Debug|Any CPU
		{97503E3F-0849-4B4D-AB57-D5105039A38E}.Release|Any CPU.ActiveCfg = Release|Any CPU
		{97503E3F-0849-4B4D-AB57-D5105039A38E}.Release|Any CPU.Build.0 = Release|Any CPU
		{6EEA3706-77C8-4A91-86A8-59A0126747F5}.Debug|Any CPU.ActiveCfg = Debug|Any CPU
		{6EEA3706-77C8-4A91-86A8-59A0126747F5}.Debug|Any CPU.Build.0 = Debug|Any CPU
		{6EEA3706-77C8-4A91-86A8-59A0126747F5}.Release|Any CPU.ActiveCfg = Release|Any CPU
		{6EEA3706-77C8-4A91-86A8-59A0126747F5}.Release|Any CPU.Build.0 = Release|Any CPU
		{544F1ADC-C9C3-4A45-B69A-188989BA3C02}.Debug|Any CPU.ActiveCfg = Debug|Any CPU
		{544F1ADC-C9C3-4A45-B69A-188989BA3C02}.Debug|Any CPU.Build.0 = Debug|Any CPU
		{544F1ADC-C9C3-4A45-B69A-188989BA3C02}.Release|Any CPU.ActiveCfg = Release|Any CPU
		{544F1ADC-C9C3-4A45-B69A-188989BA3C02}.Release|Any CPU.Build.0 = Release|Any CPU
		{DAC73EF2-D2AE-45B5-BE23-684922807338}.Debug|Any CPU.ActiveCfg = Debug|Any CPU
		{DAC73EF2-D2AE-45B5-BE23-684922807338}.Debug|Any CPU.Build.0 = Debug|Any CPU
		{DAC73EF2-D2AE-45B5-BE23-684922807338}.Release|Any CPU.ActiveCfg = Release|Any CPU
		{DAC73EF2-D2AE-45B5-BE23-684922807338}.Release|Any CPU.Build.0 = Release|Any CPU
	EndGlobalSection
	GlobalSection(SolutionProperties) = preSolution
		HideSolutionNode = FALSE
	EndGlobalSection
	GlobalSection(ExtensibilityGlobals) = postSolution
		SolutionGuid = {D236B12B-E3D6-46A6-9ED6-027D592F823B}
	EndGlobalSection
EndGlobal
